
Microsoft Visual Studio Solution File, Format Version 12.00
# Visual Studio Version 16
VisualStudioVersion = 16.0.30011.22
MinimumVisualStudioVersion = 10.0.40219.1
Project("{2150E333-8FDC-42A3-9474-1A3956D46DE8}") = "Ordering", "Ordering", "{CE4F711D-44A0-4B4C-A670-BC9AC7CA9AA7}"
EndProject
Project("{9A19103F-16F7-4668-BE54-9A1E7A4F7556}") = "Ordering.API", "Ordering.API\Ordering.API.csproj", "{D83D02F9-97D7-4717-ADD6-C591B7845314}"
EndProject
Project("{9A19103F-16F7-4668-BE54-9A1E7A4F7556}") = "Ordering.Domain", "Ordering.Domain\Ordering.Domain.csproj", "{C9C6A676-ED35-4A25-A737-BFF0BB8DFDB4}"
EndProject
Project("{9A19103F-16F7-4668-BE54-9A1E7A4F7556}") = "Ordering.Infrastructure", "Ordering.Infrastructure\Ordering.Infrastructure.csproj", "{DB6E93F8-C479-4803-9B41-B1C41D00B28E}"
EndProject
Project("{2150E333-8FDC-42A3-9474-1A3956D46DE8}") = "src", "src", "{5AE57A85-F155-4823-8F09-28C9438884D5}"
EndProject
Project("{2150E333-8FDC-42A3-9474-1A3956D46DE8}") = "Services", "Services", "{173D1A4A-BEB0-4ABE-B3E7-76DE09492C88}"
EndProject
Project("{2150E333-8FDC-42A3-9474-1A3956D46DE8}") = "Catalog", "Catalog", "{0A8811B8-F253-4617-AED8-763E595C97CE}"
EndProject
Project("{9A19103F-16F7-4668-BE54-9A1E7A4F7556}") = "Catalog.API", "Catalog.API\Catalog.API.csproj", "{F8C40CAD-9550-4D18-9EA5-4BD2CC113F7A}"
EndProject
Project("{9A19103F-16F7-4668-BE54-9A1E7A4F7556}") = "Catalog.Domain", "Catalog.Domain\Catalog.Domain.csproj", "{4C6E12F6-6B37-4ACE-9FB5-CF1A442B10F4}"
EndProject
Project("{9A19103F-16F7-4668-BE54-9A1E7A4F7556}") = "Catalog.Infrastructure", "Catalog.Infrastructure\Catalog.Infrastructure.csproj", "{65F531EE-54EB-4FBB-B79A-CBA2C6C515D6}"
EndProject
Project("{9A19103F-16F7-4668-BE54-9A1E7A4F7556}") = "Common", "Ordering.Common\Common.csproj", "{5D83D24B-7B5A-468D-B6F6-D66459C16A84}"
EndProject
Project("{2150E333-8FDC-42A3-9474-1A3956D46DE8}") = "tests", "tests", "{CF327A9F-8E9E-47F0-BE13-6D7FE9F9EC35}"
EndProject
Project("{FAE04EC0-301F-11D3-BF4B-00C04F79EFBC}") = "Ordering.UnitTests", "Ordering.UnitTests\Ordering.UnitTests.csproj", "{1A1F969B-1321-4AF9-B799-B90B982F0F52}"
EndProject
Project("{FAE04EC0-301F-11D3-BF4B-00C04F79EFBC}") = "Ordering.ObjectMothers", "Ordering.ObjectMothers\Ordering.ObjectMothers.csproj", "{2D836970-DCCD-4B7B-B28C-426AE8702E8E}"
EndProject
Global
	GlobalSection(SolutionConfigurationPlatforms) = preSolution
		Debug|Any CPU = Debug|Any CPU
		Release|Any CPU = Release|Any CPU
	EndGlobalSection
	GlobalSection(ProjectConfigurationPlatforms) = postSolution
		{D83D02F9-97D7-4717-ADD6-C591B7845314}.Debug|Any CPU.ActiveCfg = Debug|Any CPU
		{D83D02F9-97D7-4717-ADD6-C591B7845314}.Debug|Any CPU.Build.0 = Debug|Any CPU
		{D83D02F9-97D7-4717-ADD6-C591B7845314}.Release|Any CPU.ActiveCfg = Release|Any CPU
		{D83D02F9-97D7-4717-ADD6-C591B7845314}.Release|Any CPU.Build.0 = Release|Any CPU
		{C9C6A676-ED35-4A25-A737-BFF0BB8DFDB4}.Debug|Any CPU.ActiveCfg = Debug|Any CPU
		{C9C6A676-ED35-4A25-A737-BFF0BB8DFDB4}.Debug|Any CPU.Build.0 = Debug|Any CPU
		{C9C6A676-ED35-4A25-A737-BFF0BB8DFDB4}.Release|Any CPU.ActiveCfg = Release|Any CPU
		{C9C6A676-ED35-4A25-A737-BFF0BB8DFDB4}.Release|Any CPU.Build.0 = Release|Any CPU
		{DB6E93F8-C479-4803-9B41-B1C41D00B28E}.Debug|Any CPU.ActiveCfg = Debug|Any CPU
		{DB6E93F8-C479-4803-9B41-B1C41D00B28E}.Debug|Any CPU.Build.0 = Debug|Any CPU
		{DB6E93F8-C479-4803-9B41-B1C41D00B28E}.Release|Any CPU.ActiveCfg = Release|Any CPU
		{DB6E93F8-C479-4803-9B41-B1C41D00B28E}.Release|Any CPU.Build.0 = Release|Any CPU
		{F8C40CAD-9550-4D18-9EA5-4BD2CC113F7A}.Debug|Any CPU.ActiveCfg = Debug|Any CPU
		{F8C40CAD-9550-4D18-9EA5-4BD2CC113F7A}.Debug|Any CPU.Build.0 = Debug|Any CPU
		{F8C40CAD-9550-4D18-9EA5-4BD2CC113F7A}.Release|Any CPU.ActiveCfg = Release|Any CPU
		{F8C40CAD-9550-4D18-9EA5-4BD2CC113F7A}.Release|Any CPU.Build.0 = Release|Any CPU
		{4C6E12F6-6B37-4ACE-9FB5-CF1A442B10F4}.Debug|Any CPU.ActiveCfg = Debug|Any CPU
		{4C6E12F6-6B37-4ACE-9FB5-CF1A442B10F4}.Debug|Any CPU.Build.0 = Debug|Any CPU
		{4C6E12F6-6B37-4ACE-9FB5-CF1A442B10F4}.Release|Any CPU.ActiveCfg = Release|Any CPU
		{4C6E12F6-6B37-4ACE-9FB5-CF1A442B10F4}.Release|Any CPU.Build.0 = Release|Any CPU
		{65F531EE-54EB-4FBB-B79A-CBA2C6C515D6}.Debug|Any CPU.ActiveCfg = Debug|Any CPU
		{65F531EE-54EB-4FBB-B79A-CBA2C6C515D6}.Debug|Any CPU.Build.0 = Debug|Any CPU
		{65F531EE-54EB-4FBB-B79A-CBA2C6C515D6}.Release|Any CPU.ActiveCfg = Release|Any CPU
		{65F531EE-54EB-4FBB-B79A-CBA2C6C515D6}.Release|Any CPU.Build.0 = Release|Any CPU
		{5D83D24B-7B5A-468D-B6F6-D66459C16A84}.Debug|Any CPU.ActiveCfg = Debug|Any CPU
		{5D83D24B-7B5A-468D-B6F6-D66459C16A84}.Debug|Any CPU.Build.0 = Debug|Any CPU
		{5D83D24B-7B5A-468D-B6F6-D66459C16A84}.Release|Any CPU.ActiveCfg = Release|Any CPU
		{5D83D24B-7B5A-468D-B6F6-D66459C16A84}.Release|Any CPU.Build.0 = Release|Any CPU
		{1A1F969B-1321-4AF9-B799-B90B982F0F52}.Debug|Any CPU.ActiveCfg = Debug|Any CPU
		{1A1F969B-1321-4AF9-B799-B90B982F0F52}.Debug|Any CPU.Build.0 = Debug|Any CPU
		{1A1F969B-1321-4AF9-B799-B90B982F0F52}.Release|Any CPU.ActiveCfg = Release|Any CPU
		{1A1F969B-1321-4AF9-B799-B90B982F0F52}.Release|Any CPU.Build.0 = Release|Any CPU
		{2D836970-DCCD-4B7B-B28C-426AE8702E8E}.Debug|Any CPU.ActiveCfg = Debug|Any CPU
		{2D836970-DCCD-4B7B-B28C-426AE8702E8E}.Debug|Any CPU.Build.0 = Debug|Any CPU
		{2D836970-DCCD-4B7B-B28C-426AE8702E8E}.Release|Any CPU.ActiveCfg = Release|Any CPU
		{2D836970-DCCD-4B7B-B28C-426AE8702E8E}.Release|Any CPU.Build.0 = Release|Any CPU
	EndGlobalSection
	GlobalSection(SolutionProperties) = preSolution
		HideSolutionNode = FALSE
	EndGlobalSection
	GlobalSection(NestedProjects) = preSolution
		{CE4F711D-44A0-4B4C-A670-BC9AC7CA9AA7} = {173D1A4A-BEB0-4ABE-B3E7-76DE09492C88}
		{D83D02F9-97D7-4717-ADD6-C591B7845314} = {CE4F711D-44A0-4B4C-A670-BC9AC7CA9AA7}
		{C9C6A676-ED35-4A25-A737-BFF0BB8DFDB4} = {CE4F711D-44A0-4B4C-A670-BC9AC7CA9AA7}
		{DB6E93F8-C479-4803-9B41-B1C41D00B28E} = {CE4F711D-44A0-4B4C-A670-BC9AC7CA9AA7}
		{173D1A4A-BEB0-4ABE-B3E7-76DE09492C88} = {5AE57A85-F155-4823-8F09-28C9438884D5}
		{0A8811B8-F253-4617-AED8-763E595C97CE} = {173D1A4A-BEB0-4ABE-B3E7-76DE09492C88}
		{F8C40CAD-9550-4D18-9EA5-4BD2CC113F7A} = {0A8811B8-F253-4617-AED8-763E595C97CE}
		{4C6E12F6-6B37-4ACE-9FB5-CF1A442B10F4} = {0A8811B8-F253-4617-AED8-763E595C97CE}
		{65F531EE-54EB-4FBB-B79A-CBA2C6C515D6} = {0A8811B8-F253-4617-AED8-763E595C97CE}
		{5D83D24B-7B5A-468D-B6F6-D66459C16A84} = {173D1A4A-BEB0-4ABE-B3E7-76DE09492C88}
		{CF327A9F-8E9E-47F0-BE13-6D7FE9F9EC35} = {CE4F711D-44A0-4B4C-A670-BC9AC7CA9AA7}
		{1A1F969B-1321-4AF9-B799-B90B982F0F52} = {CF327A9F-8E9E-47F0-BE13-6D7FE9F9EC35}
		{2D836970-DCCD-4B7B-B28C-426AE8702E8E} = {CF327A9F-8E9E-47F0-BE13-6D7FE9F9EC35}
	EndGlobalSection
	GlobalSection(ExtensibilityGlobals) = postSolution
		SolutionGuid = {37D2CA0B-A7B3-4D18-A782-3FC790377DB0}
	EndGlobalSection
EndGlobal
